# This file is @generated by PDM.
# It is not intended for manual editing.

[metadata]
groups = ["default", "test"]
cross_platform = true
static_urls = false
lock_version = "4.3"
content_hash = "sha256:b8ed41fd86dca45ac0f3caa9034d5ef4c6924ee01385ca90732a3842c9b8a809"

[[package]]
name = "click"
version = "8.1.7"
requires_python = ">=3.7"
summary = "Composable command line interface toolkit"
dependencies = [
    "colorama; platform_system == \"Windows\"",
]
files = [
    {file = "click-8.1.7-py3-none-any.whl", hash = "sha256:ae74fb96c20a0277a1d615f1e4d73c8414f5a98db8b799a7931d1582f3390c28"},
    {file = "click-8.1.7.tar.gz", hash = "sha256:ca9853ad459e787e2192211578cc907e7594e294c7ccc834310722b41b9ca6de"},
]

[[package]]
name = "colorama"
version = "0.4.6"
requires_python = "!=3.0.*,!=3.1.*,!=3.2.*,!=3.3.*,!=3.4.*,!=3.5.*,!=3.6.*,>=2.7"
summary = "Cross-platform colored terminal text."
files = [
    {file = "colorama-0.4.6-py2.py3-none-any.whl", hash = "sha256:4f1d9991f5acc0ca119f9d443620b77f9d6b33703e51011c16baf57afb285fc6"},
    {file = "colorama-0.4.6.tar.gz", hash = "sha256:08695f5cb7ed6e0531a20572697297273c47b8cae5a63ffc6d6ed5c201be6e44"},
]

[[package]]
name = "mypy"
version = "1.6.1"
requires_python = ">=3.8"
summary = "Optional static typing for Python"
dependencies = [
    "mypy-extensions>=1.0.0",
    "typing-extensions>=4.1.0",
]
files = [
    {file = "mypy-1.6.1-cp311-cp311-macosx_10_9_x86_64.whl", hash = "sha256:81af8adaa5e3099469e7623436881eff6b3b06db5ef75e6f5b6d4871263547e5"},
    {file = "mypy-1.6.1-cp311-cp311-macosx_11_0_arm64.whl", hash = "sha256:8c223fa57cb154c7eab5156856c231c3f5eace1e0bed9b32a24696b7ba3c3245"},
    {file = "mypy-1.6.1-cp311-cp311-manylinux_2_17_x86_64.manylinux2014_x86_64.whl", hash = "sha256:a8032e00ce71c3ceb93eeba63963b864bf635a18f6c0c12da6c13c450eedb183"},
    {file = "mypy-1.6.1-cp311-cp311-musllinux_1_1_x86_64.whl", hash = "sha256:4c46b51de523817a0045b150ed11b56f9fff55f12b9edd0f3ed35b15a2809de0"},
    {file = "mypy-1.6.1-cp311-cp311-win_amd64.whl", hash = "sha256:19f905bcfd9e167159b3d63ecd8cb5e696151c3e59a1742e79bc3bcb540c42c7"},
    {file = "mypy-1.6.1-cp312-cp312-macosx_10_9_x86_64.whl", hash = "sha256:82e469518d3e9a321912955cc702d418773a2fd1e91c651280a1bda10622f02f"},
    {file = "mypy-1.6.1-cp312-cp312-macosx_11_0_arm64.whl", hash = "sha256:d4473c22cc296425bbbce7e9429588e76e05bc7342da359d6520b6427bf76660"},
    {file = "mypy-1.6.1-cp312-cp312-manylinux_2_17_x86_64.manylinux2014_x86_64.whl", hash = "sha256:59a0d7d24dfb26729e0a068639a6ce3500e31d6655df8557156c51c1cb874ce7"},
    {file = "mypy-1.6.1-cp312-cp312-musllinux_1_1_x86_64.whl", hash = "sha256:cfd13d47b29ed3bbaafaff7d8b21e90d827631afda134836962011acb5904b71"},
    {file = "mypy-1.6.1-cp312-cp312-win_amd64.whl", hash = "sha256:eb4f18589d196a4cbe5290b435d135dee96567e07c2b2d43b5c4621b6501531a"},
    {file = "mypy-1.6.1-py3-none-any.whl", hash = "sha256:4cbe68ef919c28ea561165206a2dcb68591c50f3bcf777932323bc208d949cf1"},
    {file = "mypy-1.6.1.tar.gz", hash = "sha256:4d01c00d09a0be62a4ca3f933e315455bde83f37f892ba4b08ce92f3cf44bcc1"},
]

[[package]]
name = "mypy-extensions"
version = "1.0.0"
requires_python = ">=3.5"
summary = "Type system extensions for programs checked with the mypy type checker."
files = [
    {file = "mypy_extensions-1.0.0-py3-none-any.whl", hash = "sha256:4392f6c0eb8a5668a69e23d168ffa70f0be9ccfd32b5cc2d26a34ae5b844552d"},
    {file = "mypy_extensions-1.0.0.tar.gz", hash = "sha256:75dbf8955dc00442a438fc4d0666508a9a97b6bd41aa2f0ffe9d2f2725af0782"},
]

[[package]]
name = "pymupdf"
version = "1.23.6"
requires_python = ">=3.8"
summary = "A high performance Python library for data extraction, analysis, conversion & manipulation of PDF (and other) documents."
dependencies = [
    "PyMuPDFb==1.23.6",
]
files = [
    {file = "PyMuPDF-1.23.6-cp311-none-macosx_10_9_x86_64.whl", hash = "sha256:3f0f9b76bc4f039e7587003cbd40684d93a98441549dd033cab38ca07d61988d"},
    {file = "PyMuPDF-1.23.6-cp311-none-macosx_11_0_arm64.whl", hash = "sha256:e047571d799b30459ad7ee0bc6e68900a7f6b928876f956c976f279808814e72"},
    {file = "PyMuPDF-1.23.6-cp311-none-manylinux2014_x86_64.whl", hash = "sha256:e33f8ec5ba7265fe78b30332840b8f454184addfa79f9c27f160f19789aa5ffd"},
    {file = "PyMuPDF-1.23.6-cp311-none-win32.whl", hash = "sha256:2c141f33e2733e48de8524dfd2de56d889feef0c7773b20a8cd216c03ab24793"},
    {file = "PyMuPDF-1.23.6-cp311-none-win_amd64.whl", hash = "sha256:8fd9c4ee1dd4744a515b9190d8ba9133348b0d94c362293ed77726aa1c13b0a6"},
    {file = "PyMuPDF-1.23.6-cp312-none-macosx_10_9_x86_64.whl", hash = "sha256:4d06751d5cd213e96f84f2faaa71a51cf4d641851e07579247ca1190121f173b"},
    {file = "PyMuPDF-1.23.6-cp312-none-macosx_11_0_arm64.whl", hash = "sha256:526b26a5207e923aab65877ad305644402851823a352cb92d362053426899354"},
    {file = "PyMuPDF-1.23.6-cp312-none-manylinux2014_x86_64.whl", hash = "sha256:5bdf7020b90987412381acc42427dd1b7a03d771ee9ec273de003e570164ec1a"},
    {file = "PyMuPDF-1.23.6-cp312-none-win32.whl", hash = "sha256:e2d64799c6d9a3735be9e162a5d11061c0b7fbcb1e5fc7446e0993d0f815a93a"},
    {file = "PyMuPDF-1.23.6-cp312-none-win_amd64.whl", hash = "sha256:c8ea81964c1433ea163ad4b53c56053a87a9ef6e1bd7a879d4d368a3988b60d1"},
    {file = "PyMuPDF-1.23.6.tar.gz", hash = "sha256:618b8e884190ac1cca9df1c637f87669d2d532d421d4ee7e4763c848dc4f3a1e"},
]

[[package]]
name = "pymupdfb"
version = "1.23.6"
requires_python = ">=3.8"
summary = "MuPDF shared libraries for PyMuPDF."
files = [
    {file = "PyMuPDFb-1.23.6-py3-none-macosx_10_9_x86_64.whl", hash = "sha256:e5af77580aad3d1103aeec57009d156bfca429cecda14a17c573fcbe97bafb30"},
    {file = "PyMuPDFb-1.23.6-py3-none-macosx_11_0_arm64.whl", hash = "sha256:9925816cbe3e05e920f9be925e5752c2eef42b793885b62075bb0f6a69178598"},
    {file = "PyMuPDFb-1.23.6-py3-none-manylinux2014_x86_64.manylinux_2_17_x86_64.whl", hash = "sha256:7132b30e6ad6ff2013344e3a481b2287fe0be3710d80694807dd6e0d8635f085"},
    {file = "PyMuPDFb-1.23.6-py3-none-win32.whl", hash = "sha256:9d24ddadc204e895bee5000ddc7507c801643548e59f5a56aad6d32981d17eeb"},
    {file = "PyMuPDFb-1.23.6-py3-none-win_amd64.whl", hash = "sha256:7bef75988e6979b10ca804cf9487f817aae43b0fff1c6e315b3b9ee0cf1cc32f"},
]

[[package]]
name = "ruff"
version = "0.1.4"
requires_python = ">=3.7"
summary = "An extremely fast Python linter and code formatter, written in Rust."
files = [
    {file = "ruff-0.1.4-py3-none-macosx_10_7_x86_64.whl", hash = "sha256:864958706b669cce31d629902175138ad8a069d99ca53514611521f532d91495"},
    {file = "ruff-0.1.4-py3-none-macosx_10_9_x86_64.macosx_11_0_arm64.macosx_10_9_universal2.whl", hash = "sha256:9fdd61883bb34317c788af87f4cd75dfee3a73f5ded714b77ba928e418d6e39e"},
    {file = "ruff-0.1.4-py3-none-manylinux_2_17_aarch64.manylinux2014_aarch64.whl", hash = "sha256:b4eaca8c9cc39aa7f0f0d7b8fe24ecb51232d1bb620fc4441a61161be4a17539"},
    {file = "ruff-0.1.4-py3-none-manylinux_2_17_armv7l.manylinux2014_armv7l.whl", hash = "sha256:a9a1301dc43cbf633fb603242bccd0aaa34834750a14a4c1817e2e5c8d60de17"},
    {file = "ruff-0.1.4-py3-none-manylinux_2_17_i686.manylinux2014_i686.whl", hash = "sha256:78e8db8ab6f100f02e28b3d713270c857d370b8d61871d5c7d1702ae411df683"},
    {file = "ruff-0.1.4-py3-none-manylinux_2_17_ppc64.manylinux2014_ppc64.whl", hash = "sha256:80fea754eaae06335784b8ea053d6eb8e9aac75359ebddd6fee0858e87c8d510"},
    {file = "ruff-0.1.4-py3-none-manylinux_2_17_ppc64le.manylinux2014_ppc64le.whl", hash = "sha256:6bc02a480d4bfffd163a723698da15d1a9aec2fced4c06f2a753f87f4ce6969c"},
    {file = "ruff-0.1.4-py3-none-manylinux_2_17_s390x.manylinux2014_s390x.whl", hash = "sha256:9862811b403063765b03e716dac0fda8fdbe78b675cd947ed5873506448acea4"},
    {file = "ruff-0.1.4-py3-none-manylinux_2_17_x86_64.manylinux2014_x86_64.whl", hash = "sha256:58826efb8b3efbb59bb306f4b19640b7e366967a31c049d49311d9eb3a4c60cb"},
    {file = "ruff-0.1.4-py3-none-musllinux_1_2_aarch64.whl", hash = "sha256:fdfd453fc91d9d86d6aaa33b1bafa69d114cf7421057868f0b79104079d3e66e"},
    {file = "ruff-0.1.4-py3-none-musllinux_1_2_armv7l.whl", hash = "sha256:e8791482d508bd0b36c76481ad3117987301b86072158bdb69d796503e1c84a8"},
    {file = "ruff-0.1.4-py3-none-musllinux_1_2_i686.whl", hash = "sha256:01206e361021426e3c1b7fba06ddcb20dbc5037d64f6841e5f2b21084dc51800"},
    {file = "ruff-0.1.4-py3-none-musllinux_1_2_x86_64.whl", hash = "sha256:645591a613a42cb7e5c2b667cbefd3877b21e0252b59272ba7212c3d35a5819f"},
    {file = "ruff-0.1.4-py3-none-win32.whl", hash = "sha256:99908ca2b3b85bffe7e1414275d004917d1e0dfc99d497ccd2ecd19ad115fd0d"},
    {file = "ruff-0.1.4-py3-none-win_amd64.whl", hash = "sha256:1dfd6bf8f6ad0a4ac99333f437e0ec168989adc5d837ecd38ddb2cc4a2e3db8a"},
    {file = "ruff-0.1.4-py3-none-win_arm64.whl", hash = "sha256:d98ae9ebf56444e18a3e3652b3383204748f73e247dea6caaf8b52d37e6b32da"},
    {file = "ruff-0.1.4.tar.gz", hash = "sha256:21520ecca4cc555162068d87c747b8f95e1e95f8ecfcbbe59e8dd00710586315"},
]

[[package]]
name = "typer"
version = "0.9.0"
requires_python = ">=3.6"
summary = "Typer, build great CLIs. Easy to code. Based on Python type hints."
dependencies = [
    "click<9.0.0,>=7.1.1",
    "typing-extensions>=3.7.4.3",
]
files = [
    {file = "typer-0.9.0-py3-none-any.whl", hash = "sha256:5d96d986a21493606a358cae4461bd8cdf83cbf33a5aa950ae629ca3b51467ee"},
    {file = "typer-0.9.0.tar.gz", hash = "sha256:50922fd79aea2f4751a8e0408ff10d2662bd0c8bbfa84755a699f3bada2978b2"},
]

[[package]]
name = "typing-extensions"
version = "4.8.0"
requires_python = ">=3.8"
summary = "Backported and Experimental Type Hints for Python 3.8+"
files = [
    {file = "typing_extensions-4.8.0-py3-none-any.whl", hash = "sha256:8f92fc8806f9a6b641eaa5318da32b44d401efaac0f6678c9bc448ba3605faa0"},
    {file = "typing_extensions-4.8.0.tar.gz", hash = "sha256:df8e4339e9cb77357558cbdbceca33c303714cf861d1eef15e1070055ae8b7ef"},
]
