# This file is @generated by PDM.
# It is not intended for manual editing.

[metadata]
groups = ["default"]
cross_platform = true
static_urls = false
lock_version = "4.3"
content_hash = "sha256:21a707622b4e2c9c75e649ae2e202711f69b8f487d338b4d3be1837c0e226cdc"

[[package]]
name = "cffi"
version = "1.15.1"
summary = "Foreign Function Interface for Python calling C code."
dependencies = [
    "pycparser",
]
files = [
    {file = "cffi-1.15.1-cp311-cp311-macosx_10_9_x86_64.whl", hash = "sha256:3d08afd128ddaa624a48cf2b859afef385b720bb4b43df214f85616922e6a5ac"},
    {file = "cffi-1.15.1-cp311-cp311-macosx_11_0_arm64.whl", hash = "sha256:3799aecf2e17cf585d977b780ce79ff0dc9b78d799fc694221ce814c2c19db83"},
    {file = "cffi-1.15.1-cp311-cp311-manylinux_2_12_i686.manylinux2010_i686.manylinux_2_17_i686.manylinux2014_i686.whl", hash = "sha256:a591fe9e525846e4d154205572a029f653ada1a78b93697f3b5a8f1f2bc055b9"},
    {file = "cffi-1.15.1-cp311-cp311-manylinux_2_17_aarch64.manylinux2014_aarch64.whl", hash = "sha256:3548db281cd7d2561c9ad9984681c95f7b0e38881201e157833a2342c30d5e8c"},
    {file = "cffi-1.15.1-cp311-cp311-manylinux_2_17_ppc64le.manylinux2014_ppc64le.whl", hash = "sha256:91fc98adde3d7881af9b59ed0294046f3806221863722ba7d8d120c575314325"},
    {file = "cffi-1.15.1-cp311-cp311-manylinux_2_17_x86_64.manylinux2014_x86_64.whl", hash = "sha256:94411f22c3985acaec6f83c6df553f2dbe17b698cc7f8ae751ff2237d96b9e3c"},
    {file = "cffi-1.15.1-cp311-cp311-musllinux_1_1_i686.whl", hash = "sha256:03425bdae262c76aad70202debd780501fabeaca237cdfddc008987c0e0f59ef"},
    {file = "cffi-1.15.1-cp311-cp311-musllinux_1_1_x86_64.whl", hash = "sha256:cc4d65aeeaa04136a12677d3dd0b1c0c94dc43abac5860ab33cceb42b801c1e8"},
    {file = "cffi-1.15.1-cp311-cp311-win32.whl", hash = "sha256:a0f100c8912c114ff53e1202d0078b425bee3649ae34d7b070e9697f93c5d52d"},
    {file = "cffi-1.15.1-cp311-cp311-win_amd64.whl", hash = "sha256:04ed324bda3cda42b9b695d51bb7d54b680b9719cfab04227cdd1e04e5de3104"},
    {file = "cffi-1.15.1.tar.gz", hash = "sha256:d400bfb9a37b1351253cb402671cea7e89bdecc294e8016a707f6d1d8ac934f9"},
]

[[package]]
name = "cryptography"
version = "41.0.3"
requires_python = ">=3.7"
summary = "cryptography is a package which provides cryptographic recipes and primitives to Python developers."
dependencies = [
    "cffi>=1.12",
]
files = [
    {file = "cryptography-41.0.3-cp37-abi3-macosx_10_12_universal2.whl", hash = "sha256:652627a055cb52a84f8c448185922241dd5217443ca194d5739b44612c5e6507"},
    {file = "cryptography-41.0.3-cp37-abi3-macosx_10_12_x86_64.whl", hash = "sha256:8f09daa483aedea50d249ef98ed500569841d6498aa9c9f4b0531b9964658922"},
    {file = "cryptography-41.0.3-cp37-abi3-manylinux_2_17_aarch64.manylinux2014_aarch64.whl", hash = "sha256:4fd871184321100fb400d759ad0cddddf284c4b696568204d281c902fc7b0d81"},
    {file = "cryptography-41.0.3-cp37-abi3-manylinux_2_17_x86_64.manylinux2014_x86_64.whl", hash = "sha256:84537453d57f55a50a5b6835622ee405816999a7113267739a1b4581f83535bd"},
    {file = "cryptography-41.0.3-cp37-abi3-manylinux_2_28_aarch64.whl", hash = "sha256:3fb248989b6363906827284cd20cca63bb1a757e0a2864d4c1682a985e3dca47"},
    {file = "cryptography-41.0.3-cp37-abi3-manylinux_2_28_x86_64.whl", hash = "sha256:42cb413e01a5d36da9929baa9d70ca90d90b969269e5a12d39c1e0d475010116"},
    {file = "cryptography-41.0.3-cp37-abi3-musllinux_1_1_aarch64.whl", hash = "sha256:aeb57c421b34af8f9fe830e1955bf493a86a7996cc1338fe41b30047d16e962c"},
    {file = "cryptography-41.0.3-cp37-abi3-musllinux_1_1_x86_64.whl", hash = "sha256:6af1c6387c531cd364b72c28daa29232162010d952ceb7e5ca8e2827526aceae"},
    {file = "cryptography-41.0.3-cp37-abi3-win32.whl", hash = "sha256:0d09fb5356f975974dbcb595ad2d178305e5050656affb7890a1583f5e02a306"},
    {file = "cryptography-41.0.3-cp37-abi3-win_amd64.whl", hash = "sha256:a983e441a00a9d57a4d7c91b3116a37ae602907a7618b882c8013b5762e80574"},
    {file = "cryptography-41.0.3-pp310-pypy310_pp73-macosx_10_12_x86_64.whl", hash = "sha256:5259cb659aa43005eb55a0e4ff2c825ca111a0da1814202c64d28a985d33b087"},
    {file = "cryptography-41.0.3-pp310-pypy310_pp73-manylinux_2_28_aarch64.whl", hash = "sha256:67e120e9a577c64fe1f611e53b30b3e69744e5910ff3b6e97e935aeb96005858"},
    {file = "cryptography-41.0.3-pp310-pypy310_pp73-manylinux_2_28_x86_64.whl", hash = "sha256:7efe8041897fe7a50863e51b77789b657a133c75c3b094e51b5e4b5cec7bf906"},
    {file = "cryptography-41.0.3-pp310-pypy310_pp73-win_amd64.whl", hash = "sha256:ce785cf81a7bdade534297ef9e490ddff800d956625020ab2ec2780a556c313e"},
    {file = "cryptography-41.0.3-pp38-pypy38_pp73-macosx_10_12_x86_64.whl", hash = "sha256:57a51b89f954f216a81c9d057bf1a24e2f36e764a1ca9a501a6964eb4a6800dd"},
    {file = "cryptography-41.0.3-pp38-pypy38_pp73-manylinux_2_28_aarch64.whl", hash = "sha256:4c2f0d35703d61002a2bbdcf15548ebb701cfdd83cdc12471d2bae80878a4207"},
    {file = "cryptography-41.0.3-pp38-pypy38_pp73-manylinux_2_28_x86_64.whl", hash = "sha256:23c2d778cf829f7d0ae180600b17e9fceea3c2ef8b31a99e3c694cbbf3a24b84"},
    {file = "cryptography-41.0.3-pp38-pypy38_pp73-win_amd64.whl", hash = "sha256:95dd7f261bb76948b52a5330ba5202b91a26fbac13ad0e9fc8a3ac04752058c7"},
    {file = "cryptography-41.0.3-pp39-pypy39_pp73-macosx_10_12_x86_64.whl", hash = "sha256:41d7aa7cdfded09b3d73a47f429c298e80796c8e825ddfadc84c8a7f12df212d"},
    {file = "cryptography-41.0.3-pp39-pypy39_pp73-manylinux_2_28_aarch64.whl", hash = "sha256:d0d651aa754ef58d75cec6edfbd21259d93810b73f6ec246436a21b7841908de"},
    {file = "cryptography-41.0.3-pp39-pypy39_pp73-manylinux_2_28_x86_64.whl", hash = "sha256:ab8de0d091acbf778f74286f4989cf3d1528336af1b59f3e5d2ebca8b5fe49e1"},
    {file = "cryptography-41.0.3-pp39-pypy39_pp73-win_amd64.whl", hash = "sha256:a74fbcdb2a0d46fe00504f571a2a540532f4c188e6ccf26f1f178480117b33c4"},
    {file = "cryptography-41.0.3.tar.gz", hash = "sha256:6d192741113ef5e30d89dcb5b956ef4e1578f304708701b8b73d38e3e1461f34"},
]

[[package]]
name = "pycparser"
version = "2.21"
requires_python = ">=2.7, !=3.0.*, !=3.1.*, !=3.2.*, !=3.3.*"
summary = "C parser in Python"
files = [
    {file = "pycparser-2.21-py2.py3-none-any.whl", hash = "sha256:8ee45429555515e1f6b185e78100aea234072576aa43ab53aefcae078162fca9"},
    {file = "pycparser-2.21.tar.gz", hash = "sha256:e644fdec12f7872f86c58ff790da456218b10f863970249516d60a5eaca77206"},
]

[[package]]
name = "pypdf"
version = "3.16.1"
requires_python = ">=3.6"
summary = "A pure-python PDF library capable of splitting, merging, cropping, and transforming PDF files"
files = [
    {file = "pypdf-3.16.1-py3-none-any.whl", hash = "sha256:7fc9eac57162c1c4651ffae1ae96dee911d8e75af66e83b2453b2a553a8814cc"},
    {file = "pypdf-3.16.1.tar.gz", hash = "sha256:aff9540e6c5ec135d6e80943db74257523639325162d00c903ee1e2be84351fc"},
]
